{
    "_meta": {
        "hash": {
            "sha256": "dae0953950ef13fbc07bd8ae5c104bacb6810086fb704e66ff3fbf3e1c84cdac"
        },
        "pipfile-spec": 6,
        "requires": {
            "python_version": "3.6"
        },
        "sources": [
            {
                "name": "pypi",
                "url": "https://pypi.org/simple",
                "verify_ssl": true
            }
        ]
    },
    "default": {
        "cachetools": {
            "hashes": [
                "sha256:90f1d559512fc073483fe573ef5ceb39bf6ad3d39edc98dc55178a2b2b176fa3",
                "sha256:d1c398969c478d336f767ba02040fa22617333293fb0b8968e79b16028dfee35"
            ],
            "version": "==2.1.0"
        },
        "certifi": {
            "hashes": [
                "sha256:376690d6f16d32f9d1fe8932551d80b23e9d393a8578c5633a2ed39a64861638",
                "sha256:456048c7e371c089d0a77a5212fb37a2c2dce1e24146e3b7e0261736aaeaa22a"
            ],
            "version": "==2018.8.24"
        },
        "chardet": {
            "hashes": [
                "sha256:84ab92ed1c4d4f16916e05906b6b75a6c0fb5db821cc65e70cbd64a3e2a5eaae",
                "sha256:fc323ffcaeaed0e0a02bf4d117757b98aed530d9ed4531e3e15460124c106691"
            ],
            "version": "==3.0.4"
        },
        "dictdiffer": {
            "hashes": [
                "sha256:6de9370f3c0c7fb5cc8bdc9e10dbca6ff05c39d8e2e58a67eb98d32677a224ca",
                "sha256:e4f94167d037f70c11c6a8e7e289d81c8c7117bc02132cd82a0ab8fcba43cc08"
            ],
            "version": "==0.7.1"
        },
        "gitdb2": {
            "hashes": [
                "sha256:87783b7f4a8f6b71c7fe81d32179b3c8781c1a7d6fa0c69bff2f315b00aff4f8",
                "sha256:bb4c85b8a58531c51373c89f92163b92f30f81369605a67cd52d1fc21246c044"
            ],
            "version": "==2.0.4"
        },
        "gitpython": {
            "hashes": [
                "sha256:563221e5a44369c6b79172f455584c9ebbb122a13368cc82cb4b5addff788f82",
                "sha256:8237dc5bfd6f1366abeee5624111b9d6879393d84745a507de0fda86043b65a8"
            ],
            "index": "pypi",
            "version": "==2.1.11"
        },
        "google-auth": {
            "hashes": [
                "sha256:9ca363facbf2622d9ba828017536ccca2e0f58bd15e659b52f312172f8815530",
                "sha256:a4cf9e803f2176b5de442763bd339b313d3f1ed3002e3e1eb6eec1d7c9bbc9b4"
            ],
            "version": "==1.5.1"
        },
        "idna": {
            "hashes": [
                "sha256:156a6814fb5ac1fc6850fb002e0852d56c0c8d2531923a51032d1b70760e186e",
                "sha256:684a38a6f903c1d71d6d5fac066b58d7768af4de2b832e426ec79c30daa94a16"
            ],
            "version": "==2.7"
        },
        "ipaddress": {
            "hashes": [
                "sha256:64b28eec5e78e7510698f6d4da08800a5c575caa4a286c93d651c5d3ff7b6794",
                "sha256:b146c751ea45cad6188dd6cf2d9b757f6f4f8d6ffb96a023e6f2e26eea02a72c"
            ],
            "version": "==1.0.22"
        },
        "jinja2": {
            "hashes": [
                "sha256:74c935a1b8bb9a3947c50a54766a969d4846290e1e788ea44c1392163723c3bd",
                "sha256:f84be1bb0040caca4cea721fcbbbbd61f9be9464ca236387158b0feea01914a4"
            ],
            "version": "==2.10"
        },
        "kubernetes": {
            "hashes": [
                "sha256:b370ab4abd925309db69a14a4723487948e9a83de60ca92782ec14992b741c89",
                "sha256:c80dcf531deca2037105df09c933355c80830ffbf9e496b5e6a3967ac6809ef7"
            ],
            "version": "==6.0.0"
        },
        "markupsafe": {
            "hashes": [
                "sha256:a6be69091dac236ea9c6bc7d012beab42010fa914c459791d627dad4910eb665"
            ],
            "version": "==1.0"
        },
        "oauthlib": {
            "hashes": [
                "sha256:ac35665a61c1685c56336bda97d5eefa246f1202618a1d6f34fccb1bdd404162",
                "sha256:d883b36b21a6ad813953803edfa563b1b579d79ca758fe950d1bc9e8b326025b"
            ],
            "version": "==2.1.0"
        },
        "openshift": {
            "hashes": [
                "sha256:2ba9ed39235ecac738f78fa1c656608c1a9e9a1710846972aee185428784d328"
            ],
            "index": "pypi",
            "version": "==0.6.3"
        },
        "pyasn1": {
            "hashes": [
                "sha256:b9d3abc5031e61927c82d4d96c1cec1e55676c1a991623cfed28faea73cdd7ca",
                "sha256:f58f2a3d12fd754aa123e9fa74fb7345333000a035f3921dbdaa08597aa53137"
            ],
            "version": "==0.4.4"
        },
        "pyasn1-modules": {
            "hashes": [
                "sha256:a0cf3e1842e7c60fde97cb22d275eb6f9524f5c5250489e292529de841417547",
                "sha256:a38a8811ea784c0136abfdba73963876328f66172db21a05a82f9515909bfb4e"
            ],
            "version": "==0.2.2"
        },
        "python-dateutil": {
            "hashes": [
                "sha256:1adb80e7a782c12e52ef9a8182bebeb73f1d7e24e374397af06fb4956c8dc5c0",
                "sha256:e27001de32f627c22380a688bcc43ce83504a7bc5da472209b4c70f02829f0b8"
            ],
            "version": "==2.7.3"
        },
        "python-string-utils": {
            "hashes": [
                "sha256:05d24a8d884b629b534af992dc1f35dc4de4c73678ffdffa0efcbe667058af1f"
            ],
            "version": "==0.6.0"
        },
        "pyyaml": {
            "hashes": [
                "sha256:3d7da3009c0f3e783b2c873687652d83b1bbfd5c88e9813fb7e5b03c0dd3108b",
                "sha256:3ef3092145e9b70e3ddd2c7ad59bdd0252a94dfe3949721633e41344de00a6bf",
                "sha256:40c71b8e076d0550b2e6380bada1f1cd1017b882f7e16f09a65be98e017f211a",
                "sha256:558dd60b890ba8fd982e05941927a3911dc409a63dcb8b634feaa0cda69330d3",
                "sha256:a7c28b45d9f99102fa092bb213aa12e0aaf9a6a1f5e395d36166639c1f96c3a1",
                "sha256:aa7dd4a6a427aed7df6fb7f08a580d68d9b118d90310374716ae90b710280af1",
                "sha256:bc558586e6045763782014934bfaf39d48b8ae85a2713117d16c39864085c613",
                "sha256:d46d7982b62e0729ad0175a9bc7e10a566fc07b224d2c79fafb5e032727eaa04",
                "sha256:d5eef459e30b09f5a098b9cea68bebfeb268697f78d647bd255a085371ac7f3f",
                "sha256:e01d3203230e1786cd91ccfdc8f8454c8069c91bee3962ad93b87a4b2860f537",
                "sha256:e170a9e6fcfd19021dd29845af83bb79236068bf5fd4df3327c1be18182b2531"
            ],
            "version": "==3.13"
        },
        "requests": {
            "hashes": [
                "sha256:63b52e3c866428a224f97cab011de738c36aec0185aa91cfacd418b5d58911d1",
                "sha256:ec22d826a36ed72a7358ff3fe56cbd4ba69dd7a6718ffd450ff0e9df7a47ce6a"
            ],
            "markers": "python_version != '3.2.*' and python_version != '3.1.*' and python_version < '4' and python_version != '3.0.*' and python_version >= '2.6' and python_version != '3.3.*'",
            "version": "==2.19.1"
        },
        "requests-oauthlib": {
            "hashes": [
                "sha256:8886bfec5ad7afb391ed5443b1f697c6f4ae98d0e5620839d8b4499c032ada3f",
                "sha256:e21232e2465808c0e892e0e4dbb8c2faafec16ac6dc067dd546e9b466f3deac8"
            ],
            "markers": "python_version != '3.2.*' and python_version != '3.1.*' and python_version < '4' and python_version != '3.0.*' and python_version >= '2.6' and python_version != '3.3.*'",
            "version": "==1.0.0"
        },
        "rsa": {
            "hashes": [
                "sha256:25df4e10c263fb88b5ace923dd84bf9aa7f5019687b5e55382ffcdb8bede9db5",
                "sha256:43f682fea81c452c98d09fc316aae12de6d30c4b5c84226642cf8f8fd1c93abd"
            ],
            "version": "==3.4.2"
        },
        "ruamel.yaml": {
            "hashes": [
                "sha256:009f63ab306c209be85a639c87ef88005cd25245631649443b55371928490045",
                "sha256:1704d20e1c6961ae3c8d6e1ea1bdf1f1016e9d484a19a18d580ee145cda3611c",
                "sha256:2b78819fcce78769c5fb39db185d81a988f513657b31027c6741fe71775918eb",
                "sha256:31d0ccf1711ef9753091038b32d2cc4cd03be9ddb9c9451eed5665cfcbba0ae5",
                "sha256:3c38a56a225baf61c3e1a9b8a10966100d0a065213e0007ee5f47f974004209e",
                "sha256:40f89b23c635450caf15e116c08c8f15b0d116adfac086e4b38a1e90735dc592",
                "sha256:4bb652d9ed342eda3dbcc38c865f9e0970f75bb15193a51bd97af27c925f45cc",
                "sha256:66bdea9872f2766b0a43c71dc46e8c4d88ef55f6334555bfe5b7ffee0a25af32",
                "sha256:69aaf89931b5c9117a2ddf4b35d02479c522ffb5d12b242d48834065ad631928",
                "sha256:6c5151096e94d6e5847553a9d261e92b2b4834745dcfc7bfff6b872b1c2b96b8",
                "sha256:70b027eeb23c2028b9893bc6575e00633bcb44086899bcc8fcc76761c32e3140",
                "sha256:7d3e0a048bcf69829d329e5edde8ec8691da7f68311e5ad1245f453785f9a540",
                "sha256:816f993dcec3253da6e91d68d78efbf5c671ecc1e964e83e6b913b17e76976ed",
                "sha256:8d2a2fdcf7a40f27c811ef2f00468ac5c0536e0a3fb9da47a01b84da7a3c6791",
                "sha256:9d2d09f8655f6bbe5a74a24c67b3f8411dd785d8d52703fcbfb372b36241fe57",
                "sha256:c028e92021a0c95d01ba7b0fbee545aac52d1a3f188d4e9d4254824182f57791",
                "sha256:d4ed6055c6bb4a86410f2dfabe8b9664ba48d4f8408deb91dae2bd88036a4b5a",
                "sha256:d885863cdcb5b55dbb849f7c86f9b7af78c8de17537ccca2c8238026f433a7cc",
                "sha256:da1f741111cdf2c3a0e55f1df6cc0876aed824385abc759e2cb9fcc79d5f390c",
                "sha256:df0f667ddd3a8346ed1b387d291224ff77065a6cdd463417fb018fce6e5ca9b8",
                "sha256:e62a0fef7b9d02b220d08e1ca654e25d9691189732159420ee0568fa7edc676e",
                "sha256:fa0bd77daafa6cc3345d1f4d7b95b2250e3bccc4c81fc83d32b19f69c66923c6"
            ],
            "version": "==0.15.62"
        },
        "schedule": {
            "hashes": [
                "sha256:1003a07c2dce12828c25a03a611a7371cedfa956e5f1b4abc32bcc94eb5a335b",
                "sha256:a24e75fc5e5acbd204049d55329e39a2a9a3479bca2e34c7fde81386c9d8d2fa"
            ],
            "index": "pypi",
            "version": "==0.5.0"
        },
        "six": {
            "hashes": [
                "sha256:70e8a77beed4562e7f14fe23a786b54f6296e34344c23bc42f07b15018ff98e9",
                "sha256:832dc0e10feb1aa2c68dcc57dbb658f1c7e65b9b61af69048abc87a2db00a0eb"
            ],
            "version": "==1.11.0"
        },
        "smmap2": {
            "hashes": [
                "sha256:0dd53d991af487f9b22774fa89451358da3607c02b9b886a54736c6a313ece0b",
                "sha256:dc216005e529d57007ace27048eb336dcecb7fc413cfb3b2f402bb25972b69c6"
            ],
            "version": "==2.0.4"
        },
        "urllib3": {
            "hashes": [
                "sha256:a68ac5e15e76e7e5dd2b8f94007233e01effe3e50e8daddf69acfd81cb686baf",
                "sha256:b5725a0bd4ba422ab0e66e89e030c806576753ea3ee08554382c14e685d117b5"
            ],
            "markers": "python_version != '3.2.*' and python_version != '3.1.*' and python_version < '4' and python_version != '3.0.*' and python_version >= '2.6' and python_version != '3.3.*'",
            "version": "==1.23"
        },
        "websocket-client": {
            "hashes": [
                "sha256:030bbfbf29ac9e315ffb207ed5ed42b6981b5038ea00d1e13b02b872cc95e8f6",
                "sha256:a35bac3d9647c62c1ba3e8a7340385d92981f5486b033557d592138fd4b21b90"
            ],
            "version": "==0.51.0"
        }
    },
    "develop": {}
}
